
Microsoft Visual Studio Solution File, Format Version 12.00
# Visual Studio Version 16
VisualStudioVersion = 16.0.32901.82
MinimumVisualStudioVersion = 10.0.40219.1
Project("{FAE04EC0-301F-11D3-BF4B-00C04F79EFBC}") = "DBGHandle", "DBGHandle.csproj", "{28E39331-B8E4-466D-A489-B0FC4D79A974}"
EndProject
Global
	GlobalSection(SolutionConfigurationPlatforms) = preSolution
		Debug|Any CPU = Debug|Any CPU
		Release|Any CPU = Release|Any CPU
	EndGlobalSection
	GlobalSection(ProjectConfigurationPlatforms) = postSolution
		{28E39331-B8E4-466D-A489-B0FC4D79A974}.Debug|Any CPU.ActiveCfg = Debug|Any CPU
		{28E39331-B8E4-466D-A489-B0FC4D79A974}.Debug|Any CPU.Build.0 = Debug|Any CPU
		{28E39331-B8E4-466D-A489-B0FC4D79A974}.Release|Any CPU.ActiveCfg = Release|Any CPU
		{28E39331-B8E4-466D-A489-B0FC4D79A974}.Release|Any CPU.Build.0 = Release|Any CPU
	EndGlobalSection
	GlobalSection(SolutionProperties) = preSolution
		HideSolutionNode = FALSE
	EndGlobalSection
	GlobalSection(ExtensibilityGlobals) = postSolution
		SolutionGuid = {F78C2EE4-A99A-40AC-9B8A-91709F893D7B}
	EndGlobalSection
EndGlobal
